
Microsoft Visual Studio Solution File, Format Version 12.00
# Visual Studio 15
VisualStudioVersion = 15.0.28010.2003
MinimumVisualStudioVersion = 10.0.40219.1
Project("{FAE04EC0-301F-11D3-BF4B-00C04F79EFBC}") = "Shortest_Path_To_1", "Shortest_Path_To_1\Shortest_Path_To_1.csproj", "{1FFC751B-FFDF-433E-9F72-A6FFF2C4421E}"
EndProject
Global
	GlobalSection(SolutionConfigurationPlatforms) = preSolution
		Debug|Any CPU = Debug|Any CPU
		Release|Any CPU = Release|Any CPU
	EndGlobalSection
	GlobalSection(ProjectConfigurationPlatforms) = postSolution
		{1FFC751B-FFDF-433E-9F72-A6FFF2C4421E}.Debug|Any CPU.ActiveCfg = Debug|Any CPU
		{1FFC751B-FFDF-433E-9F72-A6FFF2C4421E}.Debug|Any CPU.Build.0 = Debug|Any CPU
		{1FFC751B-FFDF-433E-9F72-A6FFF2C4421E}.Release|Any CPU.ActiveCfg = Release|Any CPU
		{1FFC751B-FFDF-433E-9F72-A6FFF2C4421E}.Release|Any CPU.Build.0 = Release|Any CPU
	EndGlobalSection
	GlobalSection(SolutionProperties) = preSolution
		HideSolutionNode = FALSE
	EndGlobalSection
	GlobalSection(ExtensibilityGlobals) = postSolution
		SolutionGuid = {D5D45414-68D7-4411-A0F6-ADCB5958886F}
	EndGlobalSection
EndGlobal
